<?xml version="1.0" encoding="utf-8"?>
<Project ToolsVersion="4.0" xmlns="http://schemas.microsoft.com/developer/msbuild/2003">
  <ItemGroup>
    <Filter Include="Source Files">
      <UniqueIdentifier>{4FC737F1-C7A5-4376-A066-2A32D752A2FF}</UniqueIdentifier>
      <Extensions>cpp;c;cc;cxx;def;odl;idl;hpj;bat;asm;asmx</Extensions>
    </Filter>
    <Filter Include="Header Files">
      <UniqueIdentifier>{93995380-89BD-4b04-88EB-625FBE52EBFB}</UniqueIdentifier>
      <Extensions>h;hpp;hxx;hm;inl;inc;xsd</Extensions>
    </Filter>
    <Filter Include="Header Files\Resource Files">
      <UniqueIdentifier>{67DA6AB6-F800-4c08-8B7A-83BB121AAD01}</UniqueIdentifier>
      <Extensions>rc;ico;cur;bmp;dlg;rc2;rct;bin;rgs;gif;jpg;jpeg;jpe;resx;tiff;tif;png;wav;mfcribbon-ms</Extensions>
    </Filter>
  </ItemGroup>
  <ItemGroup>
    <Text Include="ReadMe.txt" />
  </ItemGroup>
  <ItemGroup>
    <ClInclude Include="stdafx.h">
      <Filter>Header Files</Filter>
    </ClInclude>
    <ClInclude Include="resource.h">
      <Filter>Header Files</Filter>
    </ClInclude>
    <ClInclude Include="Statistics.h">
      <Filter>Header Files</Filter>
    </ClInclude>
    <ClInclude Include="Character.h">
      <Filter>Header Files</Filter>
    </ClInclude>
    <ClInclude Include="CharacterFactory.h">
      <Filter>Header Files</Filter>
    </ClInclude>
    <ClInclude Include="Equipment.h">
      <Filter>Header Files</Filter>
    </ClInclude>
    <ClInclude Include="Item.h">
      <Filter>Header Files</Filter>
    </ClInclude>
    <ClInclude Include="Food.h">
      <Filter>Header Files</Filter>
    </ClInclude>
    <ClInclude Include="Wearable.h">
      <Filter>Header Files</Filter>
    </ClInclude>
    <ClInclude Include="Helm.h">
      <Filter>Header Files</Filter>
    </ClInclude>
    <ClInclude Include="Armor.h">
      <Filter>Header Files</Filter>
    </ClInclude>
    <ClInclude Include="MagicCoat.h">
      <Filter>Header Files</Filter>
    </ClInclude>
    <ClInclude Include="Elixir.h">
      <Filter>Header Files</Filter>
    </ClInclude>
    <ClInclude Include="Cookies.h">
      <Filter>Header Files</Filter>
    </ClInclude>
    <ClInclude Include="BigBurger.h">
      <Filter>Header Files</Filter>
    </ClInclude>
    <ClInclude Include="WizardFactory.h">
      <Filter>Header Files</Filter>
    </ClInclude>
    <ClInclude Include="ElfFactory.h">
      <Filter>Header Files</Filter>
    </ClInclude>
    <ClInclude Include="StudentFactory.h">
      <Filter>Header Files</Filter>
    </ClInclude>
    <ClInclude Include="UserInterface.h">
      <Filter>Header Files</Filter>
    </ClInclude>
    <ClInclude Include="Location.h">
      <Filter>Header Files</Filter>
    </ClInclude>
    <ClInclude Include="Encounter.h">
      <Filter>Header Files</Filter>
    </ClInclude>
    <ClInclude Include="ConsoleUserInterface.h">
      <Filter>Header Files</Filter>
    </ClInclude>
    <ClInclude Include="Opponent.h">
      <Filter>Header Files</Filter>
    </ClInclude>
    <ClInclude Include="Shop.h">
      <Filter>Header Files</Filter>
    </ClInclude>
    <ClInclude Include="Battle.h">
      <Filter>Header Files</Filter>
    </ClInclude>
    <ClInclude Include="Reward.h">
      <Filter>Header Files</Filter>
    </ClInclude>
    <ClInclude Include="Student.h">
      <Filter>Header Files</Filter>
    </ClInclude>
    <ClInclude Include="Wizard.h">
      <Filter>Header Files</Filter>
    </ClInclude>
    <ClInclude Include="Elf.h">
      <Filter>Header Files</Filter>
    </ClInclude>
    <ClInclude Include="Orc.h">
      <Filter>Header Files</Filter>
    </ClInclude>
    <ClInclude Include="OrcFactory.h">
      <Filter>Header Files</Filter>
    </ClInclude>
    <ClInclude Include="Witch.h">
      <Filter>Header Files</Filter>
    </ClInclude>
    <ClInclude Include="WitchFactory.h">
      <Filter>Header Files</Filter>
    </ClInclude>
    <ClInclude Include="Vampire.h">
      <Filter>Header Files</Filter>
    </ClInclude>
    <ClInclude Include="VampireFactory.h">
      <Filter>Header Files</Filter>
    </ClInclude>
    <ClInclude Include="Battle2.h">
      <Filter>Header Files</Filter>
    </ClInclude>
    <ClInclude Include="Battle1.h">
      <Filter>Header Files</Filter>
    </ClInclude>
    <ClInclude Include="Map.h">
      <Filter>Header Files</Filter>
    </ClInclude>
    <ClInclude Include="Game.h">
      <Filter>Header Files</Filter>
    </ClInclude>
    <ClInclude Include="GoldReward.h">
      <Filter>Header Files</Filter>
    </ClInclude>
    <ClInclude Include="BonusEquipmentReward.h">
      <Filter>Header Files</Filter>
    </ClInclude>
    <ClInclude Include="NameReward.h">
      <Filter>Header Files</Filter>
    </ClInclude>
    <ClInclude Include="Shop1.h">
      <Filter>Header Files</Filter>
    </ClInclude>
    <ClInclude Include="Map1.h">
      <Filter>Header Files</Filter>
    </ClInclude>
    <ClInclude Include="Location1.h">
      <Filter>Header Files</Filter>
    </ClInclude>
    <ClInclude Include="Game1.h">
      <Filter>Header Files</Filter>
    </ClInclude>
    <ClInclude Include="AchievementListener.h">
      <Filter>Header Files</Filter>
    </ClInclude>
    <ClInclude Include="AchievementManager.h">
      <Filter>Header Files</Filter>
    </ClInclude>
    <ClInclude Include="KillCountManager.h">
      <Filter>Header Files</Filter>
    </ClInclude>
    <ClInclude Include="Potato.h">
      <Filter>Header Files</Filter>
    </ClInclude>
    <ClInclude Include="Shield.h">
      <Filter>Header Files</Filter>
    </ClInclude>
    <ClInclude Include="Strenth_Reward.h">
      <Filter>Header Files</Filter>
    </ClInclude>
    <ClInclude Include="ItemReward.h">
      <Filter>Header Files</Filter>
    </ClInclude>
    <ClInclude Include="BasicShop.h">
      <Filter>Header Files</Filter>
    </ClInclude>
    <ClInclude Include="MeleeBattle.h">
      <Filter>Header Files</Filter>
    </ClInclude>
    <ClInclude Include="TrollFactory.h">
      <Filter>Header Files</Filter>
    </ClInclude>
    <ClInclude Include="Troll.h">
      <Filter>Header Files</Filter>
    </ClInclude>
    <ClInclude Include="Rat.h">
      <Filter>Header Files</Filter>
    </ClInclude>
    <ClInclude Include="RatFactory.h">
      <Filter>Header Files</Filter>
    </ClInclude>
    <ClInclude Include="RewardStatistics.h">
      <Filter>Header Files</Filter>
    </ClInclude>
  </ItemGroup>
  <ItemGroup>
    <ResourceCompile Include="app.rc">
      <Filter>Header Files\Resource Files</Filter>
    </ResourceCompile>
  </ItemGroup>
  <ItemGroup>
    <ClCompile Include="GameCLR.cpp">
      <Filter>Source Files</Filter>
    </ClCompile>
    <ClCompile Include="AssemblyInfo.cpp">
      <Filter>Source Files</Filter>
    </ClCompile>
    <ClCompile Include="stdafx.cpp">
      <Filter>Source Files</Filter>
    </ClCompile>
    <ClCompile Include="Statistics.cpp">
      <Filter>Source Files</Filter>
    </ClCompile>
    <ClCompile Include="Character.cpp">
      <Filter>Source Files</Filter>
    </ClCompile>
    <ClCompile Include="Equipment.cpp">
      <Filter>Source Files</Filter>
    </ClCompile>
    <ClCompile Include="Item.cpp">
      <Filter>Source Files</Filter>
    </ClCompile>
    <ClCompile Include="Food.cpp">
      <Filter>Source Files</Filter>
    </ClCompile>
    <ClCompile Include="Wearable.cpp">
      <Filter>Source Files</Filter>
    </ClCompile>
    <ClCompile Include="Helm.cpp">
      <Filter>Source Files</Filter>
    </ClCompile>
    <ClCompile Include="Armor.cpp">
      <Filter>Source Files</Filter>
    </ClCompile>
    <ClCompile Include="MagicCoat.cpp">
      <Filter>Source Files</Filter>
    </ClCompile>
    <ClCompile Include="Elixir.cpp">
      <Filter>Source Files</Filter>
    </ClCompile>
    <ClCompile Include="Cookies.cpp">
      <Filter>Source Files</Filter>
    </ClCompile>
    <ClCompile Include="BigBurger.cpp">
      <Filter>Source Files</Filter>
    </ClCompile>
    <ClCompile Include="WizardFactory.cpp">
      <Filter>Source Files</Filter>
    </ClCompile>
    <ClCompile Include="ElfFactory.cpp">
      <Filter>Source Files</Filter>
    </ClCompile>
    <ClCompile Include="StudentFactory.cpp">
      <Filter>Source Files</Filter>
    </ClCompile>
    <ClCompile Include="Location.cpp">
      <Filter>Source Files</Filter>
    </ClCompile>
    <ClCompile Include="Encounter.cpp">
      <Filter>Source Files</Filter>
    </ClCompile>
    <ClCompile Include="ConsoleUserInterface.cpp">
      <Filter>Source Files</Filter>
    </ClCompile>
    <ClCompile Include="Opponent.cpp">
      <Filter>Source Files</Filter>
    </ClCompile>
    <ClCompile Include="Shop.cpp">
      <Filter>Source Files</Filter>
    </ClCompile>
    <ClCompile Include="Battle.cpp">
      <Filter>Source Files</Filter>
    </ClCompile>
    <ClCompile Include="Student.cpp">
      <Filter>Source Files</Filter>
    </ClCompile>
    <ClCompile Include="Wizard.cpp">
      <Filter>Source Files</Filter>
    </ClCompile>
    <ClCompile Include="Elf.cpp">
      <Filter>Source Files</Filter>
    </ClCompile>
    <ClCompile Include="Orc.cpp">
      <Filter>Source Files</Filter>
    </ClCompile>
    <ClCompile Include="OrcFactory.cpp">
      <Filter>Source Files</Filter>
    </ClCompile>
    <ClCompile Include="Witch.cpp">
      <Filter>Source Files</Filter>
    </ClCompile>
    <ClCompile Include="WitchFactory.cpp">
      <Filter>Source Files</Filter>
    </ClCompile>
    <ClCompile Include="Vampire.cpp">
      <Filter>Source Files</Filter>
    </ClCompile>
    <ClCompile Include="VampireFactory.cpp">
      <Filter>Source Files</Filter>
    </ClCompile>
    <ClCompile Include="Battle2.cpp">
      <Filter>Source Files</Filter>
    </ClCompile>
    <ClCompile Include="Battle1.cpp">
      <Filter>Source Files</Filter>
    </ClCompile>
    <ClCompile Include="Map.cpp">
      <Filter>Source Files</Filter>
    </ClCompile>
    <ClCompile Include="Game.cpp">
      <Filter>Source Files</Filter>
    </ClCompile>
    <ClCompile Include="GoldReward.cpp">
      <Filter>Source Files</Filter>
    </ClCompile>
    <ClCompile Include="BonusEquipmentReward.cpp">
      <Filter>Source Files</Filter>
    </ClCompile>
    <ClCompile Include="NameReward.cpp">
      <Filter>Source Files</Filter>
    </ClCompile>
    <ClCompile Include="Shop1.cpp">
      <Filter>Source Files</Filter>
    </ClCompile>
    <ClCompile Include="Map1.cpp">
      <Filter>Source Files</Filter>
    </ClCompile>
    <ClCompile Include="Location1.cpp">
      <Filter>Source Files</Filter>
    </ClCompile>
    <ClCompile Include="Game1.cpp">
      <Filter>Source Files</Filter>
    </ClCompile>
    <ClCompile Include="AchievementManager.cpp">
      <Filter>Source Files</Filter>
    </ClCompile>
    <ClCompile Include="KillCountManager.cpp">
      <Filter>Source Files</Filter>
    </ClCompile>
    <ClCompile Include="Potato.cpp">
      <Filter>Source Files</Filter>
    </ClCompile>
    <ClCompile Include="Shield.cpp">
      <Filter>Source Files</Filter>
    </ClCompile>
    <ClCompile Include="Strenth_Reward.cpp">
      <Filter>Source Files</Filter>
    </ClCompile>
    <ClCompile Include="ItemReward.cpp">
      <Filter>Source Files</Filter>
    </ClCompile>
    <ClCompile Include="BasicShop.cpp">
      <Filter>Source Files</Filter>
    </ClCompile>
    <ClCompile Include="MeleeBattle.cpp">
      <Filter>Source Files</Filter>
    </ClCompile>
    <ClCompile Include="TrollFactory.cpp">
      <Filter>Source Files</Filter>
    </ClCompile>
    <ClCompile Include="Troll.cpp">
      <Filter>Source Files</Filter>
    </ClCompile>
    <ClCompile Include="Rat.cpp">
      <Filter>Source Files</Filter>
    </ClCompile>
    <ClCompile Include="RatFactory.cpp">
      <Filter>Source Files</Filter>
    </ClCompile>
    <ClCompile Include="RewardStatistics.cpp">
      <Filter>Source Files</Filter>
    </ClCompile>
  </ItemGroup>
  <ItemGroup>
    <Image Include="app.ico">
      <Filter>Header Files\Resource Files</Filter>
    </Image>
  </ItemGroup>
  <ItemGroup>
    <EmbeddedResource Include="WindowQuestion.resx">
      <Filter>Header Files\Resource Files</Filter>
    </EmbeddedResource>
  </ItemGroup>
</Project>